
Microsoft Visual Studio Solution File, Format Version 12.00
# Visual Studio Version 17
VisualStudioVersion = 17.5.33516.290
MinimumVisualStudioVersion = 10.0.40219.1
Project("{FAE04EC0-301F-11D3-BF4B-00C04F79EFBC}") = "SE104_N23_20_5_2023_ScreenDesign", "SE104_N23_20_5_2023_ScreenDesign\SE104_N23_20_5_2023_ScreenDesign.csproj", "{3042F5C9-90D1-400F-B16D-08869682F3EE}"
EndProject
Project("{FAE04EC0-301F-11D3-BF4B-00C04F79EFBC}") = "LapHoaDonThanhToan", "LapHoaDonThanhToan\LapHoaDonThanhToan.csproj", "{9A4CED88-7E83-4164-9460-3AD273869F88}"
EndProject
Global
	GlobalSection(SolutionConfigurationPlatforms) = preSolution
		Debug|Any CPU = Debug|Any CPU
		Release|Any CPU = Release|Any CPU
	EndGlobalSection
	GlobalSection(ProjectConfigurationPlatforms) = postSolution
		{3042F5C9-90D1-400F-B16D-08869682F3EE}.Debug|Any CPU.ActiveCfg = Debug|Any CPU
		{3042F5C9-90D1-400F-B16D-08869682F3EE}.Debug|Any CPU.Build.0 = Debug|Any CPU
		{3042F5C9-90D1-400F-B16D-08869682F3EE}.Release|Any CPU.ActiveCfg = Release|Any CPU
		{3042F5C9-90D1-400F-B16D-08869682F3EE}.Release|Any CPU.Build.0 = Release|Any CPU
		{9A4CED88-7E83-4164-9460-3AD273869F88}.Debug|Any CPU.ActiveCfg = Debug|Any CPU
		{9A4CED88-7E83-4164-9460-3AD273869F88}.Debug|Any CPU.Build.0 = Debug|Any CPU
		{9A4CED88-7E83-4164-9460-3AD273869F88}.Release|Any CPU.ActiveCfg = Release|Any CPU
		{9A4CED88-7E83-4164-9460-3AD273869F88}.Release|Any CPU.Build.0 = Release|Any CPU
	EndGlobalSection
	GlobalSection(SolutionProperties) = preSolution
		HideSolutionNode = FALSE
	EndGlobalSection
	GlobalSection(ExtensibilityGlobals) = postSolution
		SolutionGuid = {27D8F9DE-6EAA-4B8B-A2EC-6096A1BB27EF}
	EndGlobalSection
EndGlobal
